
Microsoft Visual Studio Solution File, Format Version 12.00
# Visual Studio Version 17
VisualStudioVersion = 17.6.33801.468
MinimumVisualStudioVersion = 10.0.40219.1
Project("{2150E333-8FDC-42A3-9474-1A3956D46DE8}") = "Configuration", "Configuration", "{F0CFAA41-7841-4140-B712-1277182F813A}"
EndProject
Project("{2150E333-8FDC-42A3-9474-1A3956D46DE8}") = "Domain", "Domain", "{E3D9CBCD-6E63-478F-8E4D-187AB97EC166}"
EndProject
Project("{2150E333-8FDC-42A3-9474-1A3956D46DE8}") = "Infra", "Infra", "{7826D642-24F3-4A80-87CA-41181F5861BC}"
EndProject
Project("{2150E333-8FDC-42A3-9474-1A3956D46DE8}") = "Api", "Api", "{614B31F1-D8D0-4967-9717-F8B951655153}"
EndProject
Project("{9A19103F-16F7-4668-BE54-9A1E7A4F7556}") = "2fa.web-api", "Api\web-api\2fa.web-api.csproj", "{1ACFBFED-55A4-4E70-A744-D338EAF12BBE}"
EndProject
Project("{9A19103F-16F7-4668-BE54-9A1E7A4F7556}") = "2fa.Dependency", "Configuration\2fa.Configuration.Dependency\2fa.Dependency.csproj", "{B70F4597-AC84-4A61-AD8D-4088CA1B5583}"
EndProject
Project("{9A19103F-16F7-4668-BE54-9A1E7A4F7556}") = "2fa.Infra.Mongo", "Infra\Mongo\2fa.Infra.Mongo.csproj", "{A32EAD11-B2AC-45BD-B66E-DEB2ABF81714}"
EndProject
Project("{9A19103F-16F7-4668-BE54-9A1E7A4F7556}") = "2fa.Domain", "Domain\Domain\2fa.Domain.csproj", "{CDAF57EA-5A59-498D-BF3B-D8E694065991}"
EndProject
Project("{FAE04EC0-301F-11D3-BF4B-00C04F79EFBC}") = "2fa.Services", "Domain\Services\2fa.Services.csproj", "{A48C9936-48F1-48C4-869B-6DE6C05141D5}"
EndProject
Global
	GlobalSection(SolutionConfigurationPlatforms) = preSolution
		Debug|Any CPU = Debug|Any CPU
		Release|Any CPU = Release|Any CPU
	EndGlobalSection
	GlobalSection(ProjectConfigurationPlatforms) = postSolution
		{1ACFBFED-55A4-4E70-A744-D338EAF12BBE}.Debug|Any CPU.ActiveCfg = Debug|Any CPU
		{1ACFBFED-55A4-4E70-A744-D338EAF12BBE}.Debug|Any CPU.Build.0 = Debug|Any CPU
		{1ACFBFED-55A4-4E70-A744-D338EAF12BBE}.Release|Any CPU.ActiveCfg = Release|Any CPU
		{1ACFBFED-55A4-4E70-A744-D338EAF12BBE}.Release|Any CPU.Build.0 = Release|Any CPU
		{B70F4597-AC84-4A61-AD8D-4088CA1B5583}.Debug|Any CPU.ActiveCfg = Debug|Any CPU
		{B70F4597-AC84-4A61-AD8D-4088CA1B5583}.Debug|Any CPU.Build.0 = Debug|Any CPU
		{B70F4597-AC84-4A61-AD8D-4088CA1B5583}.Release|Any CPU.ActiveCfg = Release|Any CPU
		{B70F4597-AC84-4A61-AD8D-4088CA1B5583}.Release|Any CPU.Build.0 = Release|Any CPU
		{A32EAD11-B2AC-45BD-B66E-DEB2ABF81714}.Debug|Any CPU.ActiveCfg = Debug|Any CPU
		{A32EAD11-B2AC-45BD-B66E-DEB2ABF81714}.Debug|Any CPU.Build.0 = Debug|Any CPU
		{A32EAD11-B2AC-45BD-B66E-DEB2ABF81714}.Release|Any CPU.ActiveCfg = Release|Any CPU
		{A32EAD11-B2AC-45BD-B66E-DEB2ABF81714}.Release|Any CPU.Build.0 = Release|Any CPU
		{CDAF57EA-5A59-498D-BF3B-D8E694065991}.Debug|Any CPU.ActiveCfg = Debug|Any CPU
		{CDAF57EA-5A59-498D-BF3B-D8E694065991}.Debug|Any CPU.Build.0 = Debug|Any CPU
		{CDAF57EA-5A59-498D-BF3B-D8E694065991}.Release|Any CPU.ActiveCfg = Release|Any CPU
		{CDAF57EA-5A59-498D-BF3B-D8E694065991}.Release|Any CPU.Build.0 = Release|Any CPU
		{A48C9936-48F1-48C4-869B-6DE6C05141D5}.Debug|Any CPU.ActiveCfg = Debug|Any CPU
		{A48C9936-48F1-48C4-869B-6DE6C05141D5}.Debug|Any CPU.Build.0 = Debug|Any CPU
		{A48C9936-48F1-48C4-869B-6DE6C05141D5}.Release|Any CPU.ActiveCfg = Release|Any CPU
		{A48C9936-48F1-48C4-869B-6DE6C05141D5}.Release|Any CPU.Build.0 = Release|Any CPU
	EndGlobalSection
	GlobalSection(SolutionProperties) = preSolution
		HideSolutionNode = FALSE
	EndGlobalSection
	GlobalSection(NestedProjects) = preSolution
		{1ACFBFED-55A4-4E70-A744-D338EAF12BBE} = {614B31F1-D8D0-4967-9717-F8B951655153}
		{B70F4597-AC84-4A61-AD8D-4088CA1B5583} = {F0CFAA41-7841-4140-B712-1277182F813A}
		{A32EAD11-B2AC-45BD-B66E-DEB2ABF81714} = {7826D642-24F3-4A80-87CA-41181F5861BC}
		{CDAF57EA-5A59-498D-BF3B-D8E694065991} = {E3D9CBCD-6E63-478F-8E4D-187AB97EC166}
		{A48C9936-48F1-48C4-869B-6DE6C05141D5} = {E3D9CBCD-6E63-478F-8E4D-187AB97EC166}
	EndGlobalSection
	GlobalSection(ExtensibilityGlobals) = postSolution
		SolutionGuid = {6F6EC1BF-960F-4279-9DE6-6C44E4A03C51}
	EndGlobalSection
EndGlobal
